// !$*UTF8*$!
{
	archiveVersion = 1;
	classes = {
	};
	objectVersion = 48;
	objects = {

/* Begin PBXBuildFile section */
		A72B68EB1FCFB10000F9E260 /* Activity.swift in Sources */ = {isa = PBXBuildFile; fileRef = A72B68EA1FCFB10000F9E260 /* Activity.swift */; };
		A7AF8FDC1FC3D52D002BC49F /* SelfieCell.swift in Sources */ = {isa = PBXBuildFile; fileRef = A7AF8FDB1FC3D52D002BC49F /* SelfieCell.swift */; };
		A7D7D69F1FBA4C1E00568848 /* AppDelegate.swift in Sources */ = {isa = PBXBuildFile; fileRef = A7D7D69E1FBA4C1E00568848 /* AppDelegate.swift */; };
		A7D7D6A11FBA4C1E00568848 /* ViewController.swift in Sources */ = {isa = PBXBuildFile; fileRef = A7D7D6A01FBA4C1E00568848 /* ViewController.swift */; };
		A7D7D6A41FBA4C1E00568848 /* Main.storyboard in Resources */ = {isa = PBXBuildFile; fileRef = A7D7D6A21FBA4C1E00568848 /* Main.storyboard */; };
		A7D7D6A61FBA4C1E00568848 /* Assets.xcassets in Resources */ = {isa = PBXBuildFile; fileRef = A7D7D6A51FBA4C1E00568848 /* Assets.xcassets */; };
		A7D7D6A91FBA4C1E00568848 /* LaunchScreen.storyboard in Resources */ = {isa = PBXBuildFile; fileRef = A7D7D6A71FBA4C1E00568848 /* LaunchScreen.storyboard */; };
		A7D7D6B41FBA4C1F00568848 /* SelfieGramTests.swift in Sources */ = {isa = PBXBuildFile; fileRef = A7D7D6B31FBA4C1F00568848 /* SelfieGramTests.swift */; };
		A7D7D6BF1FBA4C1F00568848 /* SelfieGramUITests.swift in Sources */ = {isa = PBXBuildFile; fileRef = A7D7D6BE1FBA4C1F00568848 /* SelfieGramUITests.swift */; };
		A7D7D6CD1FBA5BEF00568848 /* ProfileViewController.swift in Sources */ = {isa = PBXBuildFile; fileRef = A7D7D6CC1FBA5BEF00568848 /* ProfileViewController.swift */; };
		A7D7D6CF1FBA999E00568848 /* User.swift in Sources */ = {isa = PBXBuildFile; fileRef = A7D7D6CE1FBA999E00568848 /* User.swift */; };
		A7D7D6D11FBA9B5B00568848 /* Post.swift in Sources */ = {isa = PBXBuildFile; fileRef = A7D7D6D01FBA9B5B00568848 /* Post.swift */; };
		A7D7D6D31FBAA58E00568848 /* FeedViewController.swift in Sources */ = {isa = PBXBuildFile; fileRef = A7D7D6D21FBAA58E00568848 /* FeedViewController.swift */; };
		D5C24BA83E19262F1CC9594A /* Pods_SelfieGram.framework in Frameworks */ = {isa = PBXBuildFile; fileRef = C4DFBA60206F9C3EDD9B4B8E /* Pods_SelfieGram.framework */; };
/* End PBXBuildFile section */

/* Begin PBXContainerItemProxy section */
		A7D7D6B01FBA4C1F00568848 /* PBXContainerItemProxy */ = {
			isa = PBXContainerItemProxy;
			containerPortal = A7D7D6931FBA4C1E00568848 /* Project object */;
			proxyType = 1;
			remoteGlobalIDString = A7D7D69A1FBA4C1E00568848;
			remoteInfo = SelfieGram;
		};
		A7D7D6BB1FBA4C1F00568848 /* PBXContainerItemProxy */ = {
			isa = PBXContainerItemProxy;
			containerPortal = A7D7D6931FBA4C1E00568848 /* Project object */;
			proxyType = 1;
			remoteGlobalIDString = A7D7D69A1FBA4C1E00568848;
			remoteInfo = SelfieGram;
		};
/* End PBXContainerItemProxy section */

/* Begin PBXFileReference section */
		326325BA212FA37DBEB62DE3 /* Pods-SelfieGram.release.xcconfig */ = {isa = PBXFileReference; includeInIndex = 1; lastKnownFileType = text.xcconfig; name = "Pods-SelfieGram.release.xcconfig"; path = "Pods/Target Support Files/Pods-SelfieGram/Pods-SelfieGram.release.xcconfig"; sourceTree = "<group>"; };
		94ACD2101C61E2E22ABA3975 /* Pods-SelfieGram.debug.xcconfig */ = {isa = PBXFileReference; includeInIndex = 1; lastKnownFileType = text.xcconfig; name = "Pods-SelfieGram.debug.xcconfig"; path = "Pods/Target Support Files/Pods-SelfieGram/Pods-SelfieGram.debug.xcconfig"; sourceTree = "<group>"; };
		A72B68EA1FCFB10000F9E260 /* Activity.swift */ = {isa = PBXFileReference; lastKnownFileType = sourcecode.swift; path = Activity.swift; sourceTree = "<group>"; };
		A7AF8FDB1FC3D52D002BC49F /* SelfieCell.swift */ = {isa = PBXFileReference; lastKnownFileType = sourcecode.swift; path = SelfieCell.swift; sourceTree = "<group>"; };
		A7D7D69B1FBA4C1E00568848 /* SelfieGram.app */ = {isa = PBXFileReference; explicitFileType = wrapper.application; includeInIndex = 0; path = SelfieGram.app; sourceTree = BUILT_PRODUCTS_DIR; };
		A7D7D69E1FBA4C1E00568848 /* AppDelegate.swift */ = {isa = PBXFileReference; lastKnownFileType = sourcecode.swift; path = AppDelegate.swift; sourceTree = "<group>"; };
		A7D7D6A01FBA4C1E00568848 /* ViewController.swift */ = {isa = PBXFileReference; lastKnownFileType = sourcecode.swift; path = ViewController.swift; sourceTree = "<group>"; };
		A7D7D6A31FBA4C1E00568848 /* Base */ = {isa = PBXFileReference; lastKnownFileType = file.storyboard; name = Base; path = Base.lproj/Main.storyboard; sourceTree = "<group>"; };
		A7D7D6A51FBA4C1E00568848 /* Assets.xcassets */ = {isa = PBXFileReference; lastKnownFileType = folder.assetcatalog; path = Assets.xcassets; sourceTree = "<group>"; };
		A7D7D6A81FBA4C1E00568848 /* Base */ = {isa = PBXFileReference; lastKnownFileType = file.storyboard; name = Base; path = Base.lproj/LaunchScreen.storyboard; sourceTree = "<group>"; };
		A7D7D6AA1FBA4C1E00568848 /* Info.plist */ = {isa = PBXFileReference; lastKnownFileType = text.plist.xml; path = Info.plist; sourceTree = "<group>"; };
		A7D7D6AF1FBA4C1E00568848 /* SelfieGramTests.xctest */ = {isa = PBXFileReference; explicitFileType = wrapper.cfbundle; includeInIndex = 0; path = SelfieGramTests.xctest; sourceTree = BUILT_PRODUCTS_DIR; };
		A7D7D6B31FBA4C1F00568848 /* SelfieGramTests.swift */ = {isa = PBXFileReference; lastKnownFileType = sourcecode.swift; path = SelfieGramTests.swift; sourceTree = "<group>"; };
		A7D7D6B51FBA4C1F00568848 /* Info.plist */ = {isa = PBXFileReference; lastKnownFileType = text.plist.xml; path = Info.plist; sourceTree = "<group>"; };
		A7D7D6BA1FBA4C1F00568848 /* SelfieGramUITests.xctest */ = {isa = PBXFileReference; explicitFileType = wrapper.cfbundle; includeInIndex = 0; path = SelfieGramUITests.xctest; sourceTree = BUILT_PRODUCTS_DIR; };
		A7D7D6BE1FBA4C1F00568848 /* SelfieGramUITests.swift */ = {isa = PBXFileReference; lastKnownFileType = sourcecode.swift; path = SelfieGramUITests.swift; sourceTree = "<group>"; };
		A7D7D6C01FBA4C1F00568848 /* Info.plist */ = {isa = PBXFileReference; lastKnownFileType = text.plist.xml; path = Info.plist; sourceTree = "<group>"; };
		A7D7D6CC1FBA5BEF00568848 /* ProfileViewController.swift */ = {isa = PBXFileReference; lastKnownFileType = sourcecode.swift; path = ProfileViewController.swift; sourceTree = "<group>"; };
		A7D7D6CE1FBA999E00568848 /* User.swift */ = {isa = PBXFileReference; lastKnownFileType = sourcecode.swift; path = User.swift; sourceTree = "<group>"; };
		A7D7D6D01FBA9B5B00568848 /* Post.swift */ = {isa = PBXFileReference; lastKnownFileType = sourcecode.swift; path = Post.swift; sourceTree = "<group>"; };
		A7D7D6D21FBAA58E00568848 /* FeedViewController.swift */ = {isa = PBXFileReference; lastKnownFileType = sourcecode.swift; path = FeedViewController.swift; sourceTree = "<group>"; };
		C4DFBA60206F9C3EDD9B4B8E /* Pods_SelfieGram.framework */ = {isa = PBXFileReference; explicitFileType = wrapper.framework; includeInIndex = 0; path = Pods_SelfieGram.framework; sourceTree = BUILT_PRODUCTS_DIR; };
/* End PBXFileReference section */

/* Begin PBXFrameworksBuildPhase section */
		A7D7D6981FBA4C1E00568848 /* Frameworks */ = {
			isa = PBXFrameworksBuildPhase;
			buildActionMask = 2147483647;
			files = (
				D5C24BA83E19262F1CC9594A /* Pods_SelfieGram.framework in Frameworks */,
			);
			runOnlyForDeploymentPostprocessing = 0;
		};
		A7D7D6AC1FBA4C1E00568848 /* Frameworks */ = {
			isa = PBXFrameworksBuildPhase;
			buildActionMask = 2147483647;
			files = (
			);
			runOnlyForDeploymentPostprocessing = 0;
		};
		A7D7D6B71FBA4C1F00568848 /* Frameworks */ = {
			isa = PBXFrameworksBuildPhase;
			buildActionMask = 2147483647;
			files = (
			);
			runOnlyForDeploymentPostprocessing = 0;
		};
/* End PBXFrameworksBuildPhase section */

/* Begin PBXGroup section */
		9EACE481596964591E7E36D5 /* Frameworks */ = {
			isa = PBXGroup;
			children = (
				C4DFBA60206F9C3EDD9B4B8E /* Pods_SelfieGram.framework */,
			);
			name = Frameworks;
			sourceTree = "<group>";
		};
		A48693A23BF43274F204411B /* Pods */ = {
			isa = PBXGroup;
			children = (
				94ACD2101C61E2E22ABA3975 /* Pods-SelfieGram.debug.xcconfig */,
				326325BA212FA37DBEB62DE3 /* Pods-SelfieGram.release.xcconfig */,
			);
			name = Pods;
			sourceTree = "<group>";
		};
		A7D7D6921FBA4C1E00568848 = {
			isa = PBXGroup;
			children = (
				A72B68EA1FCFB10000F9E260 /* Activity.swift */,
				A7D7D6CE1FBA999E00568848 /* User.swift */,
				A7D7D6D01FBA9B5B00568848 /* Post.swift */,
				A7D7D69D1FBA4C1E00568848 /* SelfieGram */,
				A7D7D6B21FBA4C1F00568848 /* SelfieGramTests */,
				A7D7D6BD1FBA4C1F00568848 /* SelfieGramUITests */,
				A7D7D69C1FBA4C1E00568848 /* Products */,
				A48693A23BF43274F204411B /* Pods */,
				9EACE481596964591E7E36D5 /* Frameworks */,
			);
			sourceTree = "<group>";
		};
		A7D7D69C1FBA4C1E00568848 /* Products */ = {
			isa = PBXGroup;
			children = (
				A7D7D69B1FBA4C1E00568848 /* SelfieGram.app */,
				A7D7D6AF1FBA4C1E00568848 /* SelfieGramTests.xctest */,
				A7D7D6BA1FBA4C1F00568848 /* SelfieGramUITests.xctest */,
			);
			name = Products;
			sourceTree = "<group>";
		};
		A7D7D69D1FBA4C1E00568848 /* SelfieGram */ = {
			isa = PBXGroup;
			children = (
				A7D7D69E1FBA4C1E00568848 /* AppDelegate.swift */,
				A7D7D6A01FBA4C1E00568848 /* ViewController.swift */,
				A7D7D6A21FBA4C1E00568848 /* Main.storyboard */,
				A7D7D6D21FBAA58E00568848 /* FeedViewController.swift */,
				A7AF8FDB1FC3D52D002BC49F /* SelfieCell.swift */,
				A7D7D6CC1FBA5BEF00568848 /* ProfileViewController.swift */,
				A7D7D6A51FBA4C1E00568848 /* Assets.xcassets */,
				A7D7D6A71FBA4C1E00568848 /* LaunchScreen.storyboard */,
				A7D7D6AA1FBA4C1E00568848 /* Info.plist */,
			);
			path = SelfieGram;
			sourceTree = "<group>";
		};
		A7D7D6B21FBA4C1F00568848 /* SelfieGramTests */ = {
			isa = PBXGroup;
			children = (
				A7D7D6B31FBA4C1F00568848 /* SelfieGramTests.swift */,
				A7D7D6B51FBA4C1F00568848 /* Info.plist */,
			);
			path = SelfieGramTests;
			sourceTree = "<group>";
		};
		A7D7D6BD1FBA4C1F00568848 /* SelfieGramUITests */ = {
			isa = PBXGroup;
			children = (
				A7D7D6BE1FBA4C1F00568848 /* SelfieGramUITests.swift */,
				A7D7D6C01FBA4C1F00568848 /* Info.plist */,
			);
			path = SelfieGramUITests;
			sourceTree = "<group>";
		};
/* End PBXGroup section */

/* Begin PBXNativeTarget section */
		A7D7D69A1FBA4C1E00568848 /* SelfieGram */ = {
			isa = PBXNativeTarget;
			buildConfigurationList = A7D7D6C31FBA4C1F00568848 /* Build configuration list for PBXNativeTarget "SelfieGram" */;
			buildPhases = (
				4FA97AAA30C7F0FD4FDA6ABA /* [CP] Check Pods Manifest.lock */,
				A7D7D6971FBA4C1E00568848 /* Sources */,
				A7D7D6981FBA4C1E00568848 /* Frameworks */,
				A7D7D6991FBA4C1E00568848 /* Resources */,
				F4204D884F1C91B12890FB23 /* [CP] Embed Pods Frameworks */,
				797B08B5AF84482BA6494FBA /* [CP] Copy Pods Resources */,
			);
			buildRules = (
			);
			dependencies = (
			);
			name = SelfieGram;
			productName = SelfieGram;
			productReference = A7D7D69B1FBA4C1E00568848 /* SelfieGram.app */;
			productType = "com.apple.product-type.application";
		};
		A7D7D6AE1FBA4C1E00568848 /* SelfieGramTests */ = {
			isa = PBXNativeTarget;
			buildConfigurationList = A7D7D6C61FBA4C1F00568848 /* Build configuration list for PBXNativeTarget "SelfieGramTests" */;
			buildPhases = (
				A7D7D6AB1FBA4C1E00568848 /* Sources */,
				A7D7D6AC1FBA4C1E00568848 /* Frameworks */,
				A7D7D6AD1FBA4C1E00568848 /* Resources */,
			);
			buildRules = (
			);
			dependencies = (
				A7D7D6B11FBA4C1F00568848 /* PBXTargetDependency */,
			);
			name = SelfieGramTests;
			productName = SelfieGramTests;
			productReference = A7D7D6AF1FBA4C1E00568848 /* SelfieGramTests.xctest */;
			productType = "com.apple.product-type.bundle.unit-test";
		};
		A7D7D6B91FBA4C1F00568848 /* SelfieGramUITests */ = {
			isa = PBXNativeTarget;
			buildConfigurationList = A7D7D6C91FBA4C1F00568848 /* Build configuration list for PBXNativeTarget "SelfieGramUITests" */;
			buildPhases = (
				A7D7D6B61FBA4C1F00568848 /* Sources */,
				A7D7D6B71FBA4C1F00568848 /* Frameworks */,
				A7D7D6B81FBA4C1F00568848 /* Resources */,
			);
			buildRules = (
			);
			dependencies = (
				A7D7D6BC1FBA4C1F00568848 /* PBXTargetDependency */,
			);
			name = SelfieGramUITests;
			productName = SelfieGramUITests;
			productReference = A7D7D6BA1FBA4C1F00568848 /* SelfieGramUITests.xctest */;
			productType = "com.apple.product-type.bundle.ui-testing";
		};
/* End PBXNativeTarget section */

/* Begin PBXProject section */
		A7D7D6931FBA4C1E00568848 /* Project object */ = {
			isa = PBXProject;
			attributes = {
				LastSwiftUpdateCheck = 0910;
				LastUpgradeCheck = 0910;
				ORGANIZATIONNAME = "Emma McPhail";
				TargetAttributes = {
					A7D7D69A1FBA4C1E00568848 = {
						CreatedOnToolsVersion = 9.1;
						ProvisioningStyle = Automatic;
					};
					A7D7D6AE1FBA4C1E00568848 = {
						CreatedOnToolsVersion = 9.1;
						ProvisioningStyle = Automatic;
						TestTargetID = A7D7D69A1FBA4C1E00568848;
					};
					A7D7D6B91FBA4C1F00568848 = {
						CreatedOnToolsVersion = 9.1;
						ProvisioningStyle = Automatic;
						TestTargetID = A7D7D69A1FBA4C1E00568848;
					};
				};
			};
			buildConfigurationList = A7D7D6961FBA4C1E00568848 /* Build configuration list for PBXProject "SelfieGram" */;
			compatibilityVersion = "Xcode 8.0";
			developmentRegion = en;
			hasScannedForEncodings = 0;
			knownRegions = (
				en,
				Base,
			);
			mainGroup = A7D7D6921FBA4C1E00568848;
			productRefGroup = A7D7D69C1FBA4C1E00568848 /* Products */;
			projectDirPath = "";
			projectRoot = "";
			targets = (
				A7D7D69A1FBA4C1E00568848 /* SelfieGram */,
				A7D7D6AE1FBA4C1E00568848 /* SelfieGramTests */,
				A7D7D6B91FBA4C1F00568848 /* SelfieGramUITests */,
			);
		};
/* End PBXProject section */

/* Begin PBXResourcesBuildPhase section */
		A7D7D6991FBA4C1E00568848 /* Resources */ = {
			isa = PBXResourcesBuildPhase;
			buildActionMask = 2147483647;
			files = (
				A7D7D6A91FBA4C1E00568848 /* LaunchScreen.storyboard in Resources */,
				A7D7D6A61FBA4C1E00568848 /* Assets.xcassets in Resources */,
				A7D7D6A41FBA4C1E00568848 /* Main.storyboard in Resources */,
			);
			runOnlyForDeploymentPostprocessing = 0;
		};
		A7D7D6AD1FBA4C1E00568848 /* Resources */ = {
			isa = PBXResourcesBuildPhase;
			buildActionMask = 2147483647;
			files = (
			);
			runOnlyForDeploymentPostprocessing = 0;
		};
		A7D7D6B81FBA4C1F00568848 /* Resources */ = {
			isa = PBXResourcesBuildPhase;
			buildActionMask = 2147483647;
			files = (
			);
			runOnlyForDeploymentPostprocessing = 0;
		};
/* End PBXResourcesBuildPhase section */

/* Begin PBXShellScriptBuildPhase section */
		4FA97AAA30C7F0FD4FDA6ABA /* [CP] Check Pods Manifest.lock */ = {
			isa = PBXShellScriptBuildPhase;
			buildActionMask = 2147483647;
			files = (
			);
			inputPaths = (
				"${PODS_PODFILE_DIR_PATH}/Podfile.lock",
				"${PODS_ROOT}/Manifest.lock",
			);
			name = "[CP] Check Pods Manifest.lock";
			outputPaths = (
				"$(DERIVED_FILE_DIR)/Pods-SelfieGram-checkManifestLockResult.txt",
			);
			runOnlyForDeploymentPostprocessing = 0;
			shellPath = /bin/sh;
			shellScript = "diff \"${PODS_PODFILE_DIR_PATH}/Podfile.lock\" \"${PODS_ROOT}/Manifest.lock\" > /dev/null\nif [ $? != 0 ] ; then\n    # print error to STDERR\n    echo \"error: The sandbox is not in sync with the Podfile.lock. Run 'pod install' or update your CocoaPods installation.\" >&2\n    exit 1\nfi\n# This output is used by Xcode 'outputs' to avoid re-running this script phase.\necho \"SUCCESS\" > \"${SCRIPT_OUTPUT_FILE_0}\"\n";
			showEnvVarsInLog = 0;
		};
		797B08B5AF84482BA6494FBA /* [CP] Copy Pods Resources */ = {
			isa = PBXShellScriptBuildPhase;
			buildActionMask = 2147483647;
			files = (
			);
			inputPaths = (
			);
			name = "[CP] Copy Pods Resources";
			outputPaths = (
			);
			runOnlyForDeploymentPostprocessing = 0;
			shellPath = /bin/sh;
			shellScript = "\"${SRCROOT}/Pods/Target Support Files/Pods-SelfieGram/Pods-SelfieGram-resources.sh\"\n";
			showEnvVarsInLog = 0;
		};
		F4204D884F1C91B12890FB23 /* [CP] Embed Pods Frameworks */ = {
			isa = PBXShellScriptBuildPhase;
			buildActionMask = 2147483647;
			files = (
			);
			inputPaths = (
				"${SRCROOT}/Pods/Target Support Files/Pods-SelfieGram/Pods-SelfieGram-frameworks.sh",
				"${BUILT_PRODUCTS_DIR}/Bolts/Bolts.framework",
				"${BUILT_PRODUCTS_DIR}/Parse/Parse.framework",
			);
			name = "[CP] Embed Pods Frameworks";
			outputPaths = (
				"${TARGET_BUILD_DIR}/${FRAMEWORKS_FOLDER_PATH}/Bolts.framework",
				"${TARGET_BUILD_DIR}/${FRAMEWORKS_FOLDER_PATH}/Parse.framework",
			);
			runOnlyForDeploymentPostprocessing = 0;
			shellPath = /bin/sh;
			shellScript = "\"${SRCROOT}/Pods/Target Support Files/Pods-SelfieGram/Pods-SelfieGram-frameworks.sh\"\n";
			showEnvVarsInLog = 0;
		};
/* End PBXShellScriptBuildPhase section */

/* Begin PBXSourcesBuildPhase section */
		A7D7D6971FBA4C1E00568848 /* Sources */ = {
			isa = PBXSourcesBuildPhase;
			buildActionMask = 2147483647;
			files = (
				A7D7D6CF1FBA999E00568848 /* User.swift in Sources */,
				A7D7D6CD1FBA5BEF00568848 /* ProfileViewController.swift in Sources */,
				A7AF8FDC1FC3D52D002BC49F /* SelfieCell.swift in Sources */,
				A7D7D6A11FBA4C1E00568848 /* ViewController.swift in Sources */,
				A7D7D69F1FBA4C1E00568848 /* AppDelegate.swift in Sources */,
				A7D7D6D31FBAA58E00568848 /* FeedViewController.swift in Sources */,
				A72B68EB1FCFB10000F9E260 /* Activity.swift in Sources */,
				A7D7D6D11FBA9B5B00568848 /* Post.swift in Sources */,
			);
			runOnlyForDeploymentPostprocessing = 0;
		};
		A7D7D6AB1FBA4C1E00568848 /* Sources */ = {
			isa = PBXSourcesBuildPhase;
			buildActionMask = 2147483647;
			files = (
				A7D7D6B41FBA4C1F00568848 /* SelfieGramTests.swift in Sources */,
			);
			runOnlyForDeploymentPostprocessing = 0;
		};
		A7D7D6B61FBA4C1F00568848 /* Sources */ = {
			isa = PBXSourcesBuildPhase;
			buildActionMask = 2147483647;
			files = (
				A7D7D6BF1FBA4C1F00568848 /* SelfieGramUITests.swift in Sources */,
			);
			runOnlyForDeploymentPostprocessing = 0;
		};
/* End PBXSourcesBuildPhase section */

/* Begin PBXTargetDependency section */
		A7D7D6B11FBA4C1F00568848 /* PBXTargetDependency */ = {
			isa = PBXTargetDependency;
			target = A7D7D69A1FBA4C1E00568848 /* SelfieGram */;
			targetProxy = A7D7D6B01FBA4C1F00568848 /* PBXContainerItemProxy */;
		};
		A7D7D6BC1FBA4C1F00568848 /* PBXTargetDependency */ = {
			isa = PBXTargetDependency;
			target = A7D7D69A1FBA4C1E00568848 /* SelfieGram */;
			targetProxy = A7D7D6BB1FBA4C1F00568848 /* PBXContainerItemProxy */;
		};
/* End PBXTargetDependency section */

/* Begin PBXVariantGroup section */
		A7D7D6A21FBA4C1E00568848 /* Main.storyboard */ = {
			isa = PBXVariantGroup;
			children = (
				A7D7D6A31FBA4C1E00568848 /* Base */,
			);
			name = Main.storyboard;
			sourceTree = "<group>";
		};
		A7D7D6A71FBA4C1E00568848 /* LaunchScreen.storyboard */ = {
			isa = PBXVariantGroup;
			children = (
				A7D7D6A81FBA4C1E00568848 /* Base */,
			);
			name = LaunchScreen.storyboard;
			sourceTree = "<group>";
		};
/* End PBXVariantGroup section */

/* Begin XCBuildConfiguration section */
		A7D7D6C11FBA4C1F00568848 /* Debug */ = {
			isa = XCBuildConfiguration;
			buildSettings = {
				ALWAYS_SEARCH_USER_PATHS = NO;
				CLANG_ANALYZER_NONNULL = YES;
				CLANG_ANALYZER_NUMBER_OBJECT_CONVERSION = YES_AGGRESSIVE;
				CLANG_CXX_LANGUAGE_STANDARD = "gnu++14";
				CLANG_CXX_LIBRARY = "libc++";
				CLANG_ENABLE_MODULES = YES;
				CLANG_ENABLE_OBJC_ARC = YES;
				CLANG_WARN_BLOCK_CAPTURE_AUTORELEASING = YES;
				CLANG_WARN_BOOL_CONVERSION = YES;
				CLANG_WARN_COMMA = YES;
				CLANG_WARN_CONSTANT_CONVERSION = YES;
				CLANG_WARN_DIRECT_OBJC_ISA_USAGE = YES_ERROR;
				CLANG_WARN_DOCUMENTATION_COMMENTS = YES;
				CLANG_WARN_EMPTY_BODY = YES;
				CLANG_WARN_ENUM_CONVERSION = YES;
				CLANG_WARN_INFINITE_RECURSION = YES;
				CLANG_WARN_INT_CONVERSION = YES;
				CLANG_WARN_NON_LITERAL_NULL_CONVERSION = YES;
				CLANG_WARN_OBJC_LITERAL_CONVERSION = YES;
				CLANG_WARN_OBJC_ROOT_CLASS = YES_ERROR;
				CLANG_WARN_RANGE_LOOP_ANALYSIS = YES;
				CLANG_WARN_STRICT_PROTOTYPES = YES;
				CLANG_WARN_SUSPICIOUS_MOVE = YES;
				CLANG_WARN_UNGUARDED_AVAILABILITY = YES_AGGRESSIVE;
				CLANG_WARN_UNREACHABLE_CODE = YES;
				CLANG_WARN__DUPLICATE_METHOD_MATCH = YES;
				CODE_SIGN_IDENTITY = "iPhone Developer";
				COPY_PHASE_STRIP = NO;
				DEBUG_INFORMATION_FORMAT = dwarf;
				ENABLE_STRICT_OBJC_MSGSEND = YES;
				ENABLE_TESTABILITY = YES;
				GCC_C_LANGUAGE_STANDARD = gnu11;
				GCC_DYNAMIC_NO_PIC = NO;
				GCC_NO_COMMON_BLOCKS = YES;
				GCC_OPTIMIZATION_LEVEL = 0;
				GCC_PREPROCESSOR_DEFINITIONS = (
					"DEBUG=1",
					"$(inherited)",
				);
				GCC_WARN_64_TO_32_BIT_CONVERSION = YES;
				GCC_WARN_ABOUT_RETURN_TYPE = YES_ERROR;
				GCC_WARN_UNDECLARED_SELECTOR = YES;
				GCC_WARN_UNINITIALIZED_AUTOS = YES_AGGRESSIVE;
				GCC_WARN_UNUSED_FUNCTION = YES;
				GCC_WARN_UNUSED_VARIABLE = YES;
				IPHONEOS_DEPLOYMENT_TARGET = 11.1;
				MTL_ENABLE_DEBUG_INFO = YES;
				ONLY_ACTIVE_ARCH = YES;
				SDKROOT = iphoneos;
				SWIFT_ACTIVE_COMPILATION_CONDITIONS = DEBUG;
				SWIFT_OPTIMIZATION_LEVEL = "-Onone";
			};
			name = Debug;
		};
		A7D7D6C21FBA4C1F00568848 /* Release */ = {
			isa = XCBuildConfiguration;
			buildSettings = {
				ALWAYS_SEARCH_USER_PATHS = NO;
				CLANG_ANALYZER_NONNULL = YES;
				CLANG_ANALYZER_NUMBER_OBJECT_CONVERSION = YES_AGGRESSIVE;
				CLANG_CXX_LANGUAGE_STANDARD = "gnu++14";
				CLANG_CXX_LIBRARY = "libc++";
				CLANG_ENABLE_MODULES = YES;
				CLANG_ENABLE_OBJC_ARC = YES;
				CLANG_WARN_BLOCK_CAPTURE_AUTORELEASING = YES;
				CLANG_WARN_BOOL_CONVERSION = YES;
				CLANG_WARN_COMMA = YES;
				CLANG_WARN_CONSTANT_CONVERSION = YES;
				CLANG_WARN_DIRECT_OBJC_ISA_USAGE = YES_ERROR;
				CLANG_WARN_DOCUMENTATION_COMMENTS = YES;
				CLANG_WARN_EMPTY_BODY = YES;
				CLANG_WARN_ENUM_CONVERSION = YES;
				CLANG_WARN_INFINITE_RECURSION = YES;
				CLANG_WARN_INT_CONVERSION = YES;
				CLANG_WARN_NON_LITERAL_NULL_CONVERSION = YES;
				CLANG_WARN_OBJC_LITERAL_CONVERSION = YES;
				CLANG_WARN_OBJC_ROOT_CLASS = YES_ERROR;
				CLANG_WARN_RANGE_LOOP_ANALYSIS = YES;
				CLANG_WARN_STRICT_PROTOTYPES = YES;
				CLANG_WARN_SUSPICIOUS_MOVE = YES;
				CLANG_WARN_UNGUARDED_AVAILABILITY = YES_AGGRESSIVE;
				CLANG_WARN_UNREACHABLE_CODE = YES;
				CLANG_WARN__DUPLICATE_METHOD_MATCH = YES;
				CODE_SIGN_IDENTITY = "iPhone Developer";
				COPY_PHASE_STRIP = NO;
				DEBUG_INFORMATION_FORMAT = "dwarf-with-dsym";
				ENABLE_NS_ASSERTIONS = NO;
				ENABLE_STRICT_OBJC_MSGSEND = YES;
				GCC_C_LANGUAGE_STANDARD = gnu11;
				GCC_NO_COMMON_BLOCKS = YES;
				GCC_WARN_64_TO_32_BIT_CONVERSION = YES;
				GCC_WARN_ABOUT_RETURN_TYPE = YES_ERROR;
				GCC_WARN_UNDECLARED_SELECTOR = YES;
				GCC_WARN_UNINITIALIZED_AUTOS = YES_AGGRESSIVE;
				GCC_WARN_UNUSED_FUNCTION = YES;
				GCC_WARN_UNUSED_VARIABLE = YES;
				IPHONEOS_DEPLOYMENT_TARGET = 11.1;
				MTL_ENABLE_DEBUG_INFO = NO;
				SDKROOT = iphoneos;
				SWIFT_OPTIMIZATION_LEVEL = "-Owholemodule";
				VALIDATE_PRODUCT = YES;
			};
			name = Release;
		};
		A7D7D6C41FBA4C1F00568848 /* Debug */ = {
			isa = XCBuildConfiguration;
			baseConfigurationReference = 94ACD2101C61E2E22ABA3975 /* Pods-SelfieGram.debug.xcconfig */;
			buildSettings = {
				ASSETCATALOG_COMPILER_APPICON_NAME = AppIcon;
				CODE_SIGN_STYLE = Automatic;
				INFOPLIST_FILE = SelfieGram/Info.plist;
				LD_RUNPATH_SEARCH_PATHS = "$(inherited) @executable_path/Frameworks";
				PRODUCT_BUNDLE_IDENTIFIER = ptiOScourse.SelfieGram;
				PRODUCT_NAME = "$(TARGET_NAME)";
				SWIFT_VERSION = 4.0;
				TARGETED_DEVICE_FAMILY = 1;
			};
			name = Debug;
		};
		A7D7D6C51FBA4C1F00568848 /* Release */ = {
			isa = XCBuildConfiguration;
			baseConfigurationReference = 326325BA212FA37DBEB62DE3 /* Pods-SelfieGram.release.xcconfig */;
			buildSettings = {
				ASSETCATALOG_COMPILER_APPICON_NAME = AppIcon;
				CODE_SIGN_STYLE = Automatic;
				INFOPLIST_FILE = SelfieGram/Info.plist;
				LD_RUNPATH_SEARCH_PATHS = "$(inherited) @executable_path/Frameworks";
				PRODUCT_BUNDLE_IDENTIFIER = ptiOScourse.SelfieGram;
				PRODUCT_NAME = "$(TARGET_NAME)";
				SWIFT_VERSION = 4.0;
				TARGETED_DEVICE_FAMILY = 1;
			};
			name = Release;
		};
		A7D7D6C71FBA4C1F00568848 /* Debug */ = {
			isa = XCBuildConfiguration;
			buildSettings = {
				ALWAYS_EMBED_SWIFT_STANDARD_LIBRARIES = YES;
				BUNDLE_LOADER = "$(TEST_HOST)";
				CODE_SIGN_STYLE = Automatic;
				INFOPLIST_FILE = SelfieGramTests/Info.plist;
				LD_RUNPATH_SEARCH_PATHS = "$(inherited) @executable_path/Frameworks @loader_path/Frameworks";
				PRODUCT_BUNDLE_IDENTIFIER = ptiOScourse.SelfieGramTests;
				PRODUCT_NAME = "$(TARGET_NAME)";
				SWIFT_VERSION = 4.0;
				TARGETED_DEVICE_FAMILY = "1,2";
				TEST_HOST = "$(BUILT_PRODUCTS_DIR)/SelfieGram.app/SelfieGram";
			};
			name = Debug;
		};
		A7D7D6C81FBA4C1F00568848 /* Release */ = {
			isa = XCBuildConfiguration;
			buildSettings = {
				ALWAYS_EMBED_SWIFT_STANDARD_LIBRARIES = YES;
				BUNDLE_LOADER = "$(TEST_HOST)";
				CODE_SIGN_STYLE = Automatic;
				INFOPLIST_FILE = SelfieGramTests/Info.plist;
				LD_RUNPATH_SEARCH_PATHS = "$(inherited) @executable_path/Frameworks @loader_path/Frameworks";
				PRODUCT_BUNDLE_IDENTIFIER = ptiOScourse.SelfieGramTests;
				PRODUCT_NAME = "$(TARGET_NAME)";
				SWIFT_VERSION = 4.0;
				TARGETED_DEVICE_FAMILY = "1,2";
				TEST_HOST = "$(BUILT_PRODUCTS_DIR)/SelfieGram.app/SelfieGram";
			};
			name = Release;
		};
		A7D7D6CA1FBA4C1F00568848 /* Debug */ = {
			isa = XCBuildConfiguration;
			buildSettings = {
				ALWAYS_EMBED_SWIFT_STANDARD_LIBRARIES = YES;
				CODE_SIGN_STYLE = Automatic;
				INFOPLIST_FILE = SelfieGramUITests/Info.plist;
				LD_RUNPATH_SEARCH_PATHS = "$(inherited) @executable_path/Frameworks @loader_path/Frameworks";
				PRODUCT_BUNDLE_IDENTIFIER = ptiOScourse.SelfieGramUITests;
				PRODUCT_NAME = "$(TARGET_NAME)";
				SWIFT_VERSION = 4.0;
				TARGETED_DEVICE_FAMILY = "1,2";
				TEST_TARGET_NAME = SelfieGram;
			};
			name = Debug;
		};
		A7D7D6CB1FBA4C1F00568848 /* Release */ = {
			isa = XCBuildConfiguration;
			buildSettings = {
				ALWAYS_EMBED_SWIFT_STANDARD_LIBRARIES = YES;
				CODE_SIGN_STYLE = Automatic;
				INFOPLIST_FILE = SelfieGramUITests/Info.plist;
				LD_RUNPATH_SEARCH_PATHS = "$(inherited) @executable_path/Frameworks @loader_path/Frameworks";
				PRODUCT_BUNDLE_IDENTIFIER = ptiOScourse.SelfieGramUITests;
				PRODUCT_NAME = "$(TARGET_NAME)";
				SWIFT_VERSION = 4.0;
				TARGETED_DEVICE_FAMILY = "1,2";
				TEST_TARGET_NAME = SelfieGram;
			};
			name = Release;
		};
/* End XCBuildConfiguration section */

/* Begin XCConfigurationList section */
		A7D7D6961FBA4C1E00568848 /* Build configuration list for PBXProject "SelfieGram" */ = {
			isa = XCConfigurationList;
			buildConfigurations = (
				A7D7D6C11FBA4C1F00568848 /* Debug */,
				A7D7D6C21FBA4C1F00568848 /* Release */,
			);
			defaultConfigurationIsVisible = 0;
			defaultConfigurationName = Release;
		};
		A7D7D6C31FBA4C1F00568848 /* Build configuration list for PBXNativeTarget "SelfieGram" */ = {
			isa = XCConfigurationList;
			buildConfigurations = (
				A7D7D6C41FBA4C1F00568848 /* Debug */,
				A7D7D6C51FBA4C1F00568848 /* Release */,
			);
			defaultConfigurationIsVisible = 0;
			defaultConfigurationName = Release;
		};
		A7D7D6C61FBA4C1F00568848 /* Build configuration list for PBXNativeTarget "SelfieGramTests" */ = {
			isa = XCConfigurationList;
			buildConfigurations = (
				A7D7D6C71FBA4C1F00568848 /* Debug */,
				A7D7D6C81FBA4C1F00568848 /* Release */,
			);
			defaultConfigurationIsVisible = 0;
			defaultConfigurationName = Release;
		};
		A7D7D6C91FBA4C1F00568848 /* Build configuration list for PBXNativeTarget "SelfieGramUITests" */ = {
			isa = XCConfigurationList;
			buildConfigurations = (
				A7D7D6CA1FBA4C1F00568848 /* Debug */,
				A7D7D6CB1FBA4C1F00568848 /* Release */,
			);
			defaultConfigurationIsVisible = 0;
			defaultConfigurationName = Release;
		};
/* End XCConfigurationList section */
	};
	rootObject = A7D7D6931FBA4C1E00568848 /* Project object */;
}
